
Microsoft Visual Studio Solution File, Format Version 12.00
# Visual Studio Version 16
VisualStudioVersion = 16.0.29905.134
MinimumVisualStudioVersion = 10.0.40219.1
Project("{9A19103F-16F7-4668-BE54-9A1E7A4F7556}") = "ZoundAPI", "ZoundAPI\ZoundAPI.csproj", "{51C969CC-C416-48C5-90D0-5DB71915EE5E}"
EndProject
Project("{FAE04EC0-301F-11D3-BF4B-00C04F79EFBC}") = "ZoundAPI.Tests", "ZoundAPI.Tests\ZoundAPI.Tests.csproj", "{4595659E-A9F5-4003-974A-895ED997FF08}"
EndProject
Global
	GlobalSection(SolutionConfigurationPlatforms) = preSolution
		Debug|Any CPU = Debug|Any CPU
		Release|Any CPU = Release|Any CPU
	EndGlobalSection
	GlobalSection(ProjectConfigurationPlatforms) = postSolution
		{51C969CC-C416-48C5-90D0-5DB71915EE5E}.Debug|Any CPU.ActiveCfg = Debug|Any CPU
		{51C969CC-C416-48C5-90D0-5DB71915EE5E}.Debug|Any CPU.Build.0 = Debug|Any CPU
		{51C969CC-C416-48C5-90D0-5DB71915EE5E}.Release|Any CPU.ActiveCfg = Release|Any CPU
		{51C969CC-C416-48C5-90D0-5DB71915EE5E}.Release|Any CPU.Build.0 = Release|Any CPU
		{4595659E-A9F5-4003-974A-895ED997FF08}.Debug|Any CPU.ActiveCfg = Debug|Any CPU
		{4595659E-A9F5-4003-974A-895ED997FF08}.Debug|Any CPU.Build.0 = Debug|Any CPU
		{4595659E-A9F5-4003-974A-895ED997FF08}.Release|Any CPU.ActiveCfg = Release|Any CPU
		{4595659E-A9F5-4003-974A-895ED997FF08}.Release|Any CPU.Build.0 = Release|Any CPU
	EndGlobalSection
	GlobalSection(SolutionProperties) = preSolution
		HideSolutionNode = FALSE
	EndGlobalSection
	GlobalSection(ExtensibilityGlobals) = postSolution
		SolutionGuid = {0EE36EEF-F663-434D-AA14-1E1A053E9A2E}
	EndGlobalSection
EndGlobal
