
Microsoft Visual Studio Solution File, Format Version 12.00
# Visual Studio Version 16
VisualStudioVersion = 16.0.29905.134
MinimumVisualStudioVersion = 10.0.40219.1
Project("{FAE04EC0-301F-11D3-BF4B-00C04F79EFBC}") = "ZoundAPI", "ZoundAPI\ZoundAPI.csproj", "{7EA10FD6-F032-498D-AA29-CFFBB2E97BDF}"
EndProject
Global
	GlobalSection(SolutionConfigurationPlatforms) = preSolution
		Debug|Any CPU = Debug|Any CPU
		Release|Any CPU = Release|Any CPU
	EndGlobalSection
	GlobalSection(ProjectConfigurationPlatforms) = postSolution
		{7EA10FD6-F032-498D-AA29-CFFBB2E97BDF}.Debug|Any CPU.ActiveCfg = Debug|Any CPU
		{7EA10FD6-F032-498D-AA29-CFFBB2E97BDF}.Debug|Any CPU.Build.0 = Debug|Any CPU
		{7EA10FD6-F032-498D-AA29-CFFBB2E97BDF}.Release|Any CPU.ActiveCfg = Release|Any CPU
		{7EA10FD6-F032-498D-AA29-CFFBB2E97BDF}.Release|Any CPU.Build.0 = Release|Any CPU
	EndGlobalSection
	GlobalSection(SolutionProperties) = preSolution
		HideSolutionNode = FALSE
	EndGlobalSection
	GlobalSection(ExtensibilityGlobals) = postSolution
		SolutionGuid = {0CD48500-C8AE-43A9-A8BC-334B0ADC7049}
	EndGlobalSection
EndGlobal
